{
  "originHash" : "07ab035a564f85333394d8eddafa6f09072615a9e6c7546b7f21b3dc0c992733",
  "pins" : [
    {
      "identity" : "swift-core",
      "kind" : "remoteSourceControl",
      "location" : "https://github.com/vsmbd/swift-core.git",
      "state" : {
        "branch" : "main",
        "revision" : "4ca8341cae118d64be6bf316438106072d9de820"
      }
    },
    {
      "identity" : "swift-eventdispatch",
      "kind" : "remoteSourceControl",
      "location" : "https://github.com/vsmbd/swift-eventdispatch.git",
      "state" : {
        "branch" : "main",
        "revision" : "10f77cccac82b4032e4821ae31e9e9e8fc242597"
      }
    }
  ],
  "version" : 3
}
