{
  "originHash" : "07ab035a564f85333394d8eddafa6f09072615a9e6c7546b7f21b3dc0c992733",
  "pins" : [
    {
      "identity" : "swift-core",
      "kind" : "remoteSourceControl",
      "location" : "https://github.com/vsmbd/swift-core.git",
      "state" : {
        "branch" : "main",
        "revision" : "ffef0b28921647d30d714966cbf558b8edaf2474"
      }
    },
    {
      "identity" : "swift-eventdispatch",
      "kind" : "remoteSourceControl",
      "location" : "https://github.com/vsmbd/swift-eventdispatch.git",
      "state" : {
        "branch" : "main",
        "revision" : "3acce00f0f5d5c202349da0bc25fcd5b9c2ce83e"
      }
    }
  ],
  "version" : 3
}
