{
  "originHash" : "07ab035a564f85333394d8eddafa6f09072615a9e6c7546b7f21b3dc0c992733",
  "pins" : [
    {
      "identity" : "swift-core",
      "kind" : "remoteSourceControl",
      "location" : "https://github.com/vsmbd/swift-core.git",
      "state" : {
        "branch" : "main",
        "revision" : "ba2b539065b7623760e28ac3db4a8180b9535ac4"
      }
    },
    {
      "identity" : "swift-eventdispatch",
      "kind" : "remoteSourceControl",
      "location" : "https://github.com/vsmbd/swift-eventdispatch.git",
      "state" : {
        "branch" : "main",
        "revision" : "60eead75d16e84b5fa1db9757f18a63dc7503be5"
      }
    }
  ],
  "version" : 3
}
